
Microsoft Visual Studio Solution File, Format Version 12.00
# Visual Studio Version 17
VisualStudioVersion = 17.8.34525.116
MinimumVisualStudioVersion = 10.0.40219.1
Project("{2150E333-8FDC-42A3-9474-1A3956D46DE8}") = "src", "src", "{0E39BDC9-7790-43A3-9E23-CD65E84F2E00}"
EndProject
Project("{9A19103F-16F7-4668-BE54-9A1E7A4F7556}") = "BookingSystem.API", "BookingSystem.API\BookingSystem.API.csproj", "{4DB7E314-BCF9-41EC-A082-2E6A2FC355E2}"
EndProject
Project("{9A19103F-16F7-4668-BE54-9A1E7A4F7556}") = "BookingSystem.Application", "BookingSystem.Application\BookingSystem.Application.csproj", "{BE769C9E-409E-40B0-A06F-BB05E70CF36E}"
EndProject
Project("{9A19103F-16F7-4668-BE54-9A1E7A4F7556}") = "BookingSystem.Domain", "BookingSystem.Domain\BookingSystem.Domain.csproj", "{8F7160C5-F4DE-4EF4-BF74-503475D3A6EA}"
EndProject
Project("{9A19103F-16F7-4668-BE54-9A1E7A4F7556}") = "BookingSystem.Infrastructure", "BookingSystem.Infrastructure\BookingSystem.Infrastructure.csproj", "{F8E128BD-0F56-4F47-B667-0ED5C7312EFD}"
EndProject
Project("{9A19103F-16F7-4668-BE54-9A1E7A4F7556}") = "BookingSystem.Tests", "BookingSystem.Tests\BookingSystem.Tests.csproj", "{33FFDFF8-BDD0-4328-A64F-BFCD7A353A3D}"
EndProject
Project("{FAE04EC0-301F-11D3-BF4B-00C04F79EFBC}") = "BookingSystem.Web", "BookingSystem.Web\BookingSystem.Web.csproj", "{7B4E257F-0E9B-4A54-80D6-8D5C75453BE6}"
EndProject
Global
	GlobalSection(SolutionConfigurationPlatforms) = preSolution
		Debug|Any CPU = Debug|Any CPU
		Release|Any CPU = Release|Any CPU
	EndGlobalSection
	GlobalSection(ProjectConfigurationPlatforms) = postSolution
		{4DB7E314-BCF9-41EC-A082-2E6A2FC355E2}.Debug|Any CPU.ActiveCfg = Debug|Any CPU
		{4DB7E314-BCF9-41EC-A082-2E6A2FC355E2}.Debug|Any CPU.Build.0 = Debug|Any CPU
		{4DB7E314-BCF9-41EC-A082-2E6A2FC355E2}.Release|Any CPU.ActiveCfg = Release|Any CPU
		{4DB7E314-BCF9-41EC-A082-2E6A2FC355E2}.Release|Any CPU.Build.0 = Release|Any CPU
		{BE769C9E-409E-40B0-A06F-BB05E70CF36E}.Debug|Any CPU.ActiveCfg = Debug|Any CPU
		{BE769C9E-409E-40B0-A06F-BB05E70CF36E}.Debug|Any CPU.Build.0 = Debug|Any CPU
		{BE769C9E-409E-40B0-A06F-BB05E70CF36E}.Release|Any CPU.ActiveCfg = Release|Any CPU
		{BE769C9E-409E-40B0-A06F-BB05E70CF36E}.Release|Any CPU.Build.0 = Release|Any CPU
		{8F7160C5-F4DE-4EF4-BF74-503475D3A6EA}.Debug|Any CPU.ActiveCfg = Debug|Any CPU
		{8F7160C5-F4DE-4EF4-BF74-503475D3A6EA}.Debug|Any CPU.Build.0 = Debug|Any CPU
		{8F7160C5-F4DE-4EF4-BF74-503475D3A6EA}.Release|Any CPU.ActiveCfg = Release|Any CPU
		{8F7160C5-F4DE-4EF4-BF74-503475D3A6EA}.Release|Any CPU.Build.0 = Release|Any CPU
		{F8E128BD-0F56-4F47-B667-0ED5C7312EFD}.Debug|Any CPU.ActiveCfg = Debug|Any CPU
		{F8E128BD-0F56-4F47-B667-0ED5C7312EFD}.Debug|Any CPU.Build.0 = Debug|Any CPU
		{F8E128BD-0F56-4F47-B667-0ED5C7312EFD}.Release|Any CPU.ActiveCfg = Release|Any CPU
		{F8E128BD-0F56-4F47-B667-0ED5C7312EFD}.Release|Any CPU.Build.0 = Release|Any CPU
		{33FFDFF8-BDD0-4328-A64F-BFCD7A353A3D}.Debug|Any CPU.ActiveCfg = Debug|Any CPU
		{33FFDFF8-BDD0-4328-A64F-BFCD7A353A3D}.Debug|Any CPU.Build.0 = Debug|Any CPU
		{33FFDFF8-BDD0-4328-A64F-BFCD7A353A3D}.Release|Any CPU.ActiveCfg = Release|Any CPU
		{33FFDFF8-BDD0-4328-A64F-BFCD7A353A3D}.Release|Any CPU.Build.0 = Release|Any CPU
		{7B4E257F-0E9B-4A54-80D6-8D5C75453BE6}.Debug|Any CPU.ActiveCfg = Debug|Any CPU
		{7B4E257F-0E9B-4A54-80D6-8D5C75453BE6}.Debug|Any CPU.Build.0 = Debug|Any CPU
		{7B4E257F-0E9B-4A54-80D6-8D5C75453BE6}.Release|Any CPU.ActiveCfg = Release|Any CPU
		{7B4E257F-0E9B-4A54-80D6-8D5C75453BE6}.Release|Any CPU.Build.0 = Release|Any CPU
	EndGlobalSection
	GlobalSection(SolutionProperties) = preSolution
		HideSolutionNode = FALSE
	EndGlobalSection
	GlobalSection(NestedProjects) = preSolution
		{4DB7E314-BCF9-41EC-A082-2E6A2FC355E2} = {0E39BDC9-7790-43A3-9E23-CD65E84F2E00}
		{BE769C9E-409E-40B0-A06F-BB05E70CF36E} = {0E39BDC9-7790-43A3-9E23-CD65E84F2E00}
		{8F7160C5-F4DE-4EF4-BF74-503475D3A6EA} = {0E39BDC9-7790-43A3-9E23-CD65E84F2E00}
		{F8E128BD-0F56-4F47-B667-0ED5C7312EFD} = {0E39BDC9-7790-43A3-9E23-CD65E84F2E00}
		{33FFDFF8-BDD0-4328-A64F-BFCD7A353A3D} = {0E39BDC9-7790-43A3-9E23-CD65E84F2E00}
		{7B4E257F-0E9B-4A54-80D6-8D5C75453BE6} = {0E39BDC9-7790-43A3-9E23-CD65E84F2E00}
	EndGlobalSection
	GlobalSection(ExtensibilityGlobals) = postSolution
		SolutionGuid = {E2C90C5F-119C-4B32-9EF6-B017A01993D1}
	EndGlobalSection
EndGlobal
